{
  "originHash" : "2de835042db0228214ab28947f4c9b648621b3784b060159f966cab26ebac37c",
  "pins" : [
    {
      "identity" : "keychainaccess",
      "kind" : "remoteSourceControl",
      "location" : "https://github.com/kishikawakatsumi/KeychainAccess",
      "state" : {
        "branch" : "master",
        "revision" : "e0c7eebc5a4465a3c4680764f26b7a61f567cdaf"
      }
    },
    {
      "identity" : "kingfisher",
      "kind" : "remoteSourceControl",
      "location" : "https://github.com/onevcat/Kingfisher",
      "state" : {
        "revision" : "4a2333d471e6aa671cbea6ed0c884eac4d90d6fb",
        "version" : "8.0.1"
      }
    }
  ],
  "version" : 3
}
